// !$*UTF8*$!
{
	archiveVersion = 1;
	classes = {
	};
	objectVersion = 55;
	objects = {

/* Begin PBXBuildFile section */
		3284FFD6275B0CEA0039F3EB /* Movies.graphql.swift in Sources */ = {isa = PBXBuildFile; fileRef = 3284FFD4275B0CEA0039F3EB /* Movies.graphql.swift */; };
		3284FFDE275B14130039F3EB /* Movies.graphql in Resources */ = {isa = PBXBuildFile; fileRef = 3284FFDD275B14130039F3EB /* Movies.graphql */; };
		3289DFF8275AF2190058C710 /* Assets.xcassets in Resources */ = {isa = PBXBuildFile; fileRef = 3289DFF7275AF2190058C710 /* Assets.xcassets */; };
		3289DFFB275AF2190058C710 /* LaunchScreen.storyboard in Resources */ = {isa = PBXBuildFile; fileRef = 3289DFF9275AF2190058C710 /* LaunchScreen.storyboard */; };
		3289E004275AF2BA0058C710 /* Apollo in Frameworks */ = {isa = PBXBuildFile; productRef = 3289E003275AF2BA0058C710 /* Apollo */; };
		3289E006275AF2BA0058C710 /* ApolloSQLite in Frameworks */ = {isa = PBXBuildFile; productRef = 3289E005275AF2BA0058C710 /* ApolloSQLite */; };
		90213C3628656A2E006435B9 /* HomeCoordinator.swift in Sources */ = {isa = PBXBuildFile; fileRef = 90213C1A28656A2D006435B9 /* HomeCoordinator.swift */; };
		90213C3728656A2E006435B9 /* Movie.swift in Sources */ = {isa = PBXBuildFile; fileRef = 90213C1C28656A2D006435B9 /* Movie.swift */; };
		90213C3828656A2E006435B9 /* SectionItem.swift in Sources */ = {isa = PBXBuildFile; fileRef = 90213C1D28656A2D006435B9 /* SectionItem.swift */; };
		90213C3928656A2E006435B9 /* Section.swift in Sources */ = {isa = PBXBuildFile; fileRef = 90213C1E28656A2D006435B9 /* Section.swift */; };
		90213C3A28656A2E006435B9 /* HomeLayoutSection.swift in Sources */ = {isa = PBXBuildFile; fileRef = 90213C1F28656A2D006435B9 /* HomeLayoutSection.swift */; };
		90213C3B28656A2E006435B9 /* TopMoviesCollectionViewCell.xib in Resources */ = {isa = PBXBuildFile; fileRef = 90213C2228656A2D006435B9 /* TopMoviesCollectionViewCell.xib */; };
		90213C3E28656A2E006435B9 /* TopMoviesCollectionViewCell.swift in Sources */ = {isa = PBXBuildFile; fileRef = 90213C2528656A2D006435B9 /* TopMoviesCollectionViewCell.swift */; };
		90213C3F28656A2E006435B9 /* SeparatorCollectionReusableView.swift in Sources */ = {isa = PBXBuildFile; fileRef = 90213C2728656A2D006435B9 /* SeparatorCollectionReusableView.swift */; };
		90213C4028656A2E006435B9 /* SectionHeaderTextReusableView.swift in Sources */ = {isa = PBXBuildFile; fileRef = 90213C2828656A2D006435B9 /* SectionHeaderTextReusableView.swift */; };
		90213C4128656A2E006435B9 /* SectionHeaderTextReusableView.xib in Resources */ = {isa = PBXBuildFile; fileRef = 90213C2928656A2D006435B9 /* SectionHeaderTextReusableView.xib */; };
		90213C4328656A2E006435B9 /* HomeViewController.swift in Sources */ = {isa = PBXBuildFile; fileRef = 90213C2B28656A2D006435B9 /* HomeViewController.swift */; };
		90213C4428656A2E006435B9 /* MoviesService.swift in Sources */ = {isa = PBXBuildFile; fileRef = 90213C2D28656A2D006435B9 /* MoviesService.swift */; };
		90213C4528656A2E006435B9 /* AppCoordinator.swift in Sources */ = {isa = PBXBuildFile; fileRef = 90213C2F28656A2D006435B9 /* AppCoordinator.swift */; };
		90213C4628656A2E006435B9 /* Network.swift in Sources */ = {isa = PBXBuildFile; fileRef = 90213C3028656A2D006435B9 /* Network.swift */; };
		90213C4728656A2E006435B9 /* Bindable.swift in Sources */ = {isa = PBXBuildFile; fileRef = 90213C3128656A2D006435B9 /* Bindable.swift */; };
		90213C4828656A2E006435B9 /* AppDelegate.swift in Sources */ = {isa = PBXBuildFile; fileRef = 90213C3228656A2D006435B9 /* AppDelegate.swift */; };
		90213C4928656A2E006435B9 /* UIImageView+Load.swift in Sources */ = {isa = PBXBuildFile; fileRef = 90213C3428656A2E006435B9 /* UIImageView+Load.swift */; };
		90213C4C28656C2A006435B9 /* MovieCollectionViewCell.swift in Sources */ = {isa = PBXBuildFile; fileRef = 90213C4A28656C2A006435B9 /* MovieCollectionViewCell.swift */; };
		90213C4D28656C2A006435B9 /* MovieCollectionViewCell.xib in Resources */ = {isa = PBXBuildFile; fileRef = 90213C4B28656C2A006435B9 /* MovieCollectionViewCell.xib */; };
		90213C5228656CAC006435B9 /* HomeViewModel.swift in Sources */ = {isa = PBXBuildFile; fileRef = 90213C5128656CAC006435B9 /* HomeViewModel.swift */; };
		90213C5428656FE7006435B9 /* GenresService.swift in Sources */ = {isa = PBXBuildFile; fileRef = 90213C5328656FE7006435B9 /* GenresService.swift */; };
		90213C5628657010006435B9 /* Genres.graphql in Resources */ = {isa = PBXBuildFile; fileRef = 90213C5528657010006435B9 /* Genres.graphql */; };
		90213C5828657123006435B9 /* UICollectionViewListCell+Setup.swift in Sources */ = {isa = PBXBuildFile; fileRef = 90213C5728657123006435B9 /* UICollectionViewListCell+Setup.swift */; };
		90213C5A286573B0006435B9 /* Genres.graphql.swift in Sources */ = {isa = PBXBuildFile; fileRef = 90213C59286573B0006435B9 /* Genres.graphql.swift */; };
		90911F4E2865E36E003C573E /* MoviesByGenreCoordinator.swift in Sources */ = {isa = PBXBuildFile; fileRef = 90911F4D2865E36E003C573E /* MoviesByGenreCoordinator.swift */; };
		90911F572865E49A003C573E /* MoviesByGenreViewController.swift in Sources */ = {isa = PBXBuildFile; fileRef = 90911F552865E49A003C573E /* MoviesByGenreViewController.swift */; };
		90911F602865E969003C573E /* MoviesByGenreViewModel.swift in Sources */ = {isa = PBXBuildFile; fileRef = 90911F5F2865E969003C573E /* MoviesByGenreViewModel.swift */; };
		90911F632865F2E7003C573E /* MoviesCollectionViewCell.swift in Sources */ = {isa = PBXBuildFile; fileRef = 90911F612865F2E7003C573E /* MoviesCollectionViewCell.swift */; };
		90911F642865F2E7003C573E /* MoviesCollectionViewCell.xib in Resources */ = {isa = PBXBuildFile; fileRef = 90911F622865F2E7003C573E /* MoviesCollectionViewCell.xib */; };
		90911F692865FE57003C573E /* MoviesByGenreLayoutSection.swift in Sources */ = {isa = PBXBuildFile; fileRef = 90911F682865FE57003C573E /* MoviesByGenreLayoutSection.swift */; };
		90911F6F28666E5F003C573E /* MoviesCoordinator.swift in Sources */ = {isa = PBXBuildFile; fileRef = 90911F6E28666E5F003C573E /* MoviesCoordinator.swift */; };
		90911F7328666F02003C573E /* MoviesViewController.swift in Sources */ = {isa = PBXBuildFile; fileRef = 90911F7128666F02003C573E /* MoviesViewController.swift */; };
		90911F77286688A2003C573E /* MoviesViewModel.swift in Sources */ = {isa = PBXBuildFile; fileRef = 90911F76286688A2003C573E /* MoviesViewModel.swift */; };
		90911F822866BDD6003C573E /* MovieDetailsViewModel.swift in Sources */ = {isa = PBXBuildFile; fileRef = 90911F7A2866BDD6003C573E /* MovieDetailsViewModel.swift */; };
		90911F832866BDD6003C573E /* MovieDetailsCoordinator.swift in Sources */ = {isa = PBXBuildFile; fileRef = 90911F7C2866BDD6003C573E /* MovieDetailsCoordinator.swift */; };
		90911F862866BDD6003C573E /* MovieDetailsViewController.swift in Sources */ = {isa = PBXBuildFile; fileRef = 90911F812866BDD6003C573E /* MovieDetailsViewController.swift */; };
		9093A8E92865DA97000703A8 /* HomeViewController+UICollectionViewDelegate.swift in Sources */ = {isa = PBXBuildFile; fileRef = 9093A8E82865DA97000703A8 /* HomeViewController+UICollectionViewDelegate.swift */; };
		90985AD82867847B00824D9B /* MovieDetailsLayoutSection.swift in Sources */ = {isa = PBXBuildFile; fileRef = 90985AD72867847B00824D9B /* MovieDetailsLayoutSection.swift */; };
		90985ADA2867858000824D9B /* MoviesDetailsSectionItem.swift in Sources */ = {isa = PBXBuildFile; fileRef = 90985AD92867858000824D9B /* MoviesDetailsSectionItem.swift */; };
		90985ADC2867881F00824D9B /* MovieDetailsSection.swift in Sources */ = {isa = PBXBuildFile; fileRef = 90985ADB2867881F00824D9B /* MovieDetailsSection.swift */; };
		90985AE0286788F800824D9B /* CastCollectionViewCell.swift in Sources */ = {isa = PBXBuildFile; fileRef = 90985ADE286788F800824D9B /* CastCollectionViewCell.swift */; };
		90985AE1286788F800824D9B /* CastCollectionViewCell.xib in Resources */ = {isa = PBXBuildFile; fileRef = 90985ADF286788F800824D9B /* CastCollectionViewCell.xib */; };
		90985AE428679D1800824D9B /* MovieDetailsCollectionViewCell.swift in Sources */ = {isa = PBXBuildFile; fileRef = 90985AE228679D1700824D9B /* MovieDetailsCollectionViewCell.swift */; };
		90985AE62867A13500824D9B /* MovieDetailsCollectionViewCell.xib in Resources */ = {isa = PBXBuildFile; fileRef = 90985AE52867A13500824D9B /* MovieDetailsCollectionViewCell.xib */; };
		90985AEA286848E500824D9B /* MoviesViewController+UICollectionViewDelegate.swift in Sources */ = {isa = PBXBuildFile; fileRef = 90985AE9286848E500824D9B /* MoviesViewController+UICollectionViewDelegate.swift */; };
		90985AEE2868A6D500824D9B /* MoviesByGenreViewController+UICollectionViewDelegate.swift in Sources */ = {isa = PBXBuildFile; fileRef = 90985AED2868A6D500824D9B /* MoviesByGenreViewController+UICollectionViewDelegate.swift */; };
		90985AF02868C9DD00824D9B /* UIViewController+Modal.swift in Sources */ = {isa = PBXBuildFile; fileRef = 90985AEF2868C9DC00824D9B /* UIViewController+Modal.swift */; };
		90985AF22868F3DF00824D9B /* CacheableImageView.swift in Sources */ = {isa = PBXBuildFile; fileRef = 90985AF12868F3DE00824D9B /* CacheableImageView.swift */; };
		90985AF528690BE700824D9B /* MoviesViewController+UISearchBarDelegate.swift in Sources */ = {isa = PBXBuildFile; fileRef = 90985AF428690BE700824D9B /* MoviesViewController+UISearchBarDelegate.swift */; };
		90985AF728694F2200824D9B /* NibLoadable.swift in Sources */ = {isa = PBXBuildFile; fileRef = 90985AF628694F2200824D9B /* NibLoadable.swift */; };
/* End PBXBuildFile section */

/* Begin PBXFileReference section */
		3284FFD4275B0CEA0039F3EB /* Movies.graphql.swift */ = {isa = PBXFileReference; fileEncoding = 4; lastKnownFileType = sourcecode.swift; path = Movies.graphql.swift; sourceTree = "<group>"; };
		3284FFDD275B14130039F3EB /* Movies.graphql */ = {isa = PBXFileReference; fileEncoding = 4; lastKnownFileType = text; path = Movies.graphql; sourceTree = "<group>"; };
		3289DFEB275AF2170058C710 /* Movie Challenge.app */ = {isa = PBXFileReference; explicitFileType = wrapper.application; includeInIndex = 0; path = "Movie Challenge.app"; sourceTree = BUILT_PRODUCTS_DIR; };
		3289DFF7275AF2190058C710 /* Assets.xcassets */ = {isa = PBXFileReference; lastKnownFileType = folder.assetcatalog; path = Assets.xcassets; sourceTree = "<group>"; };
		3289DFFA275AF2190058C710 /* Base */ = {isa = PBXFileReference; lastKnownFileType = file.storyboard; name = Base; path = Base.lproj/LaunchScreen.storyboard; sourceTree = "<group>"; };
		3289DFFC275AF2190058C710 /* Info.plist */ = {isa = PBXFileReference; lastKnownFileType = text.plist.xml; path = Info.plist; sourceTree = "<group>"; };
		90213C1A28656A2D006435B9 /* HomeCoordinator.swift */ = {isa = PBXFileReference; fileEncoding = 4; lastKnownFileType = sourcecode.swift; path = HomeCoordinator.swift; sourceTree = "<group>"; };
		90213C1C28656A2D006435B9 /* Movie.swift */ = {isa = PBXFileReference; fileEncoding = 4; lastKnownFileType = sourcecode.swift; path = Movie.swift; sourceTree = "<group>"; };
		90213C1D28656A2D006435B9 /* SectionItem.swift */ = {isa = PBXFileReference; fileEncoding = 4; lastKnownFileType = sourcecode.swift; path = SectionItem.swift; sourceTree = "<group>"; };
		90213C1E28656A2D006435B9 /* Section.swift */ = {isa = PBXFileReference; fileEncoding = 4; lastKnownFileType = sourcecode.swift; path = Section.swift; sourceTree = "<group>"; };
		90213C1F28656A2D006435B9 /* HomeLayoutSection.swift */ = {isa = PBXFileReference; fileEncoding = 4; lastKnownFileType = sourcecode.swift; path = HomeLayoutSection.swift; sourceTree = "<group>"; };
		90213C2228656A2D006435B9 /* TopMoviesCollectionViewCell.xib */ = {isa = PBXFileReference; fileEncoding = 4; lastKnownFileType = file.xib; path = TopMoviesCollectionViewCell.xib; sourceTree = "<group>"; };
		90213C2528656A2D006435B9 /* TopMoviesCollectionViewCell.swift */ = {isa = PBXFileReference; fileEncoding = 4; lastKnownFileType = sourcecode.swift; path = TopMoviesCollectionViewCell.swift; sourceTree = "<group>"; };
		90213C2728656A2D006435B9 /* SeparatorCollectionReusableView.swift */ = {isa = PBXFileReference; fileEncoding = 4; lastKnownFileType = sourcecode.swift; path = SeparatorCollectionReusableView.swift; sourceTree = "<group>"; };
		90213C2828656A2D006435B9 /* SectionHeaderTextReusableView.swift */ = {isa = PBXFileReference; fileEncoding = 4; lastKnownFileType = sourcecode.swift; path = SectionHeaderTextReusableView.swift; sourceTree = "<group>"; };
		90213C2928656A2D006435B9 /* SectionHeaderTextReusableView.xib */ = {isa = PBXFileReference; fileEncoding = 4; lastKnownFileType = file.xib; path = SectionHeaderTextReusableView.xib; sourceTree = "<group>"; };
		90213C2B28656A2D006435B9 /* HomeViewController.swift */ = {isa = PBXFileReference; fileEncoding = 4; lastKnownFileType = sourcecode.swift; path = HomeViewController.swift; sourceTree = "<group>"; };
		90213C2D28656A2D006435B9 /* MoviesService.swift */ = {isa = PBXFileReference; fileEncoding = 4; lastKnownFileType = sourcecode.swift; path = MoviesService.swift; sourceTree = "<group>"; };
		90213C2F28656A2D006435B9 /* AppCoordinator.swift */ = {isa = PBXFileReference; fileEncoding = 4; lastKnownFileType = sourcecode.swift; path = AppCoordinator.swift; sourceTree = "<group>"; };
		90213C3028656A2D006435B9 /* Network.swift */ = {isa = PBXFileReference; fileEncoding = 4; lastKnownFileType = sourcecode.swift; path = Network.swift; sourceTree = "<group>"; };
		90213C3128656A2D006435B9 /* Bindable.swift */ = {isa = PBXFileReference; fileEncoding = 4; lastKnownFileType = sourcecode.swift; path = Bindable.swift; sourceTree = "<group>"; };
		90213C3228656A2D006435B9 /* AppDelegate.swift */ = {isa = PBXFileReference; fileEncoding = 4; lastKnownFileType = sourcecode.swift; path = AppDelegate.swift; sourceTree = "<group>"; };
		90213C3428656A2E006435B9 /* UIImageView+Load.swift */ = {isa = PBXFileReference; fileEncoding = 4; lastKnownFileType = sourcecode.swift; path = "UIImageView+Load.swift"; sourceTree = "<group>"; };
		90213C4A28656C2A006435B9 /* MovieCollectionViewCell.swift */ = {isa = PBXFileReference; fileEncoding = 4; lastKnownFileType = sourcecode.swift; path = MovieCollectionViewCell.swift; sourceTree = "<group>"; };
		90213C4B28656C2A006435B9 /* MovieCollectionViewCell.xib */ = {isa = PBXFileReference; fileEncoding = 4; lastKnownFileType = file.xib; path = MovieCollectionViewCell.xib; sourceTree = "<group>"; };
		90213C5128656CAC006435B9 /* HomeViewModel.swift */ = {isa = PBXFileReference; fileEncoding = 4; lastKnownFileType = sourcecode.swift; path = HomeViewModel.swift; sourceTree = "<group>"; };
		90213C5328656FE7006435B9 /* GenresService.swift */ = {isa = PBXFileReference; lastKnownFileType = sourcecode.swift; path = GenresService.swift; sourceTree = "<group>"; };
		90213C5528657010006435B9 /* Genres.graphql */ = {isa = PBXFileReference; fileEncoding = 4; lastKnownFileType = text; path = Genres.graphql; sourceTree = "<group>"; };
		90213C5728657123006435B9 /* UICollectionViewListCell+Setup.swift */ = {isa = PBXFileReference; fileEncoding = 4; lastKnownFileType = sourcecode.swift; path = "UICollectionViewListCell+Setup.swift"; sourceTree = "<group>"; };
		90213C59286573B0006435B9 /* Genres.graphql.swift */ = {isa = PBXFileReference; fileEncoding = 4; lastKnownFileType = sourcecode.swift; path = Genres.graphql.swift; sourceTree = "<group>"; };
		90911F4D2865E36E003C573E /* MoviesByGenreCoordinator.swift */ = {isa = PBXFileReference; lastKnownFileType = sourcecode.swift; path = MoviesByGenreCoordinator.swift; sourceTree = "<group>"; };
		90911F552865E49A003C573E /* MoviesByGenreViewController.swift */ = {isa = PBXFileReference; lastKnownFileType = sourcecode.swift; path = MoviesByGenreViewController.swift; sourceTree = "<group>"; };
		90911F5F2865E969003C573E /* MoviesByGenreViewModel.swift */ = {isa = PBXFileReference; lastKnownFileType = sourcecode.swift; path = MoviesByGenreViewModel.swift; sourceTree = "<group>"; };
		90911F612865F2E7003C573E /* MoviesCollectionViewCell.swift */ = {isa = PBXFileReference; lastKnownFileType = sourcecode.swift; path = MoviesCollectionViewCell.swift; sourceTree = "<group>"; };
		90911F622865F2E7003C573E /* MoviesCollectionViewCell.xib */ = {isa = PBXFileReference; lastKnownFileType = file.xib; path = MoviesCollectionViewCell.xib; sourceTree = "<group>"; };
		90911F682865FE57003C573E /* MoviesByGenreLayoutSection.swift */ = {isa = PBXFileReference; lastKnownFileType = sourcecode.swift; path = MoviesByGenreLayoutSection.swift; sourceTree = "<group>"; };
		90911F6E28666E5F003C573E /* MoviesCoordinator.swift */ = {isa = PBXFileReference; lastKnownFileType = sourcecode.swift; path = MoviesCoordinator.swift; sourceTree = "<group>"; };
		90911F7128666F02003C573E /* MoviesViewController.swift */ = {isa = PBXFileReference; lastKnownFileType = sourcecode.swift; path = MoviesViewController.swift; sourceTree = "<group>"; };
		90911F76286688A2003C573E /* MoviesViewModel.swift */ = {isa = PBXFileReference; lastKnownFileType = sourcecode.swift; path = MoviesViewModel.swift; sourceTree = "<group>"; };
		90911F7A2866BDD6003C573E /* MovieDetailsViewModel.swift */ = {isa = PBXFileReference; fileEncoding = 4; lastKnownFileType = sourcecode.swift; path = MovieDetailsViewModel.swift; sourceTree = "<group>"; };
		90911F7C2866BDD6003C573E /* MovieDetailsCoordinator.swift */ = {isa = PBXFileReference; fileEncoding = 4; lastKnownFileType = sourcecode.swift; path = MovieDetailsCoordinator.swift; sourceTree = "<group>"; };
		90911F812866BDD6003C573E /* MovieDetailsViewController.swift */ = {isa = PBXFileReference; fileEncoding = 4; lastKnownFileType = sourcecode.swift; path = MovieDetailsViewController.swift; sourceTree = "<group>"; };
		9093A8E82865DA97000703A8 /* HomeViewController+UICollectionViewDelegate.swift */ = {isa = PBXFileReference; lastKnownFileType = sourcecode.swift; path = "HomeViewController+UICollectionViewDelegate.swift"; sourceTree = "<group>"; };
		90985AD72867847B00824D9B /* MovieDetailsLayoutSection.swift */ = {isa = PBXFileReference; lastKnownFileType = sourcecode.swift; path = MovieDetailsLayoutSection.swift; sourceTree = "<group>"; };
		90985AD92867858000824D9B /* MoviesDetailsSectionItem.swift */ = {isa = PBXFileReference; lastKnownFileType = sourcecode.swift; path = MoviesDetailsSectionItem.swift; sourceTree = "<group>"; };
		90985ADB2867881F00824D9B /* MovieDetailsSection.swift */ = {isa = PBXFileReference; lastKnownFileType = sourcecode.swift; path = MovieDetailsSection.swift; sourceTree = "<group>"; };
		90985ADE286788F800824D9B /* CastCollectionViewCell.swift */ = {isa = PBXFileReference; lastKnownFileType = sourcecode.swift; path = CastCollectionViewCell.swift; sourceTree = "<group>"; };
		90985ADF286788F800824D9B /* CastCollectionViewCell.xib */ = {isa = PBXFileReference; lastKnownFileType = file.xib; path = CastCollectionViewCell.xib; sourceTree = "<group>"; };
		90985AE228679D1700824D9B /* MovieDetailsCollectionViewCell.swift */ = {isa = PBXFileReference; lastKnownFileType = sourcecode.swift; path = MovieDetailsCollectionViewCell.swift; sourceTree = "<group>"; };
		90985AE52867A13500824D9B /* MovieDetailsCollectionViewCell.xib */ = {isa = PBXFileReference; lastKnownFileType = file.xib; path = MovieDetailsCollectionViewCell.xib; sourceTree = "<group>"; };
		90985AE9286848E500824D9B /* MoviesViewController+UICollectionViewDelegate.swift */ = {isa = PBXFileReference; lastKnownFileType = sourcecode.swift; path = "MoviesViewController+UICollectionViewDelegate.swift"; sourceTree = "<group>"; };
		90985AED2868A6D500824D9B /* MoviesByGenreViewController+UICollectionViewDelegate.swift */ = {isa = PBXFileReference; lastKnownFileType = sourcecode.swift; path = "MoviesByGenreViewController+UICollectionViewDelegate.swift"; sourceTree = "<group>"; };
		90985AEF2868C9DC00824D9B /* UIViewController+Modal.swift */ = {isa = PBXFileReference; lastKnownFileType = sourcecode.swift; path = "UIViewController+Modal.swift"; sourceTree = "<group>"; };
		90985AF12868F3DE00824D9B /* CacheableImageView.swift */ = {isa = PBXFileReference; lastKnownFileType = sourcecode.swift; path = CacheableImageView.swift; sourceTree = "<group>"; };
		90985AF428690BE700824D9B /* MoviesViewController+UISearchBarDelegate.swift */ = {isa = PBXFileReference; lastKnownFileType = sourcecode.swift; path = "MoviesViewController+UISearchBarDelegate.swift"; sourceTree = "<group>"; };
		90985AF628694F2200824D9B /* NibLoadable.swift */ = {isa = PBXFileReference; lastKnownFileType = sourcecode.swift; path = NibLoadable.swift; sourceTree = "<group>"; };
/* End PBXFileReference section */

/* Begin PBXFrameworksBuildPhase section */
		3289DFE8275AF2170058C710 /* Frameworks */ = {
			isa = PBXFrameworksBuildPhase;
			buildActionMask = 2147483647;
			files = (
				3289E004275AF2BA0058C710 /* Apollo in Frameworks */,
				3289E006275AF2BA0058C710 /* ApolloSQLite in Frameworks */,
			);
			runOnlyForDeploymentPostprocessing = 0;
		};
/* End PBXFrameworksBuildPhase section */

/* Begin PBXGroup section */
		3284FFD3275B0CEA0039F3EB /* Generated */ = {
			isa = PBXGroup;
			children = (
				90213C59286573B0006435B9 /* Genres.graphql.swift */,
				3284FFD4275B0CEA0039F3EB /* Movies.graphql.swift */,
			);
			path = Generated;
			sourceTree = "<group>";
		};
		3289DFE2275AF2170058C710 = {
			isa = PBXGroup;
			children = (
				3289DFED275AF2170058C710 /* Movie Challenge */,
				3289DFEC275AF2170058C710 /* Products */,
			);
			sourceTree = "<group>";
		};
		3289DFEC275AF2170058C710 /* Products */ = {
			isa = PBXGroup;
			children = (
				3289DFEB275AF2170058C710 /* Movie Challenge.app */,
			);
			name = Products;
			sourceTree = "<group>";
		};
		3289DFED275AF2170058C710 /* Movie Challenge */ = {
			isa = PBXGroup;
			children = (
				90213C1628656A2D006435B9 /* Home */,
				90911F6C28666E41003C573E /* Movies */,
				90911F4B2865E34E003C573E /* MoviesByGenre */,
				90911F782866BDD6003C573E /* MovieDetails */,
				90213C2E28656A2D006435B9 /* Core */,
				90213C3328656A2E006435B9 /* Extensions */,
				90213C2C28656A2D006435B9 /* Services */,
				3284FFD3275B0CEA0039F3EB /* Generated */,
				3284FFDD275B14130039F3EB /* Movies.graphql */,
				90213C5528657010006435B9 /* Genres.graphql */,
				3289DFF7275AF2190058C710 /* Assets.xcassets */,
				3289DFF9275AF2190058C710 /* LaunchScreen.storyboard */,
				3289DFFC275AF2190058C710 /* Info.plist */,
			);
			path = "Movie Challenge";
			sourceTree = "<group>";
		};
		90213C1628656A2D006435B9 /* Home */ = {
			isa = PBXGroup;
			children = (
				90213C1728656A2D006435B9 /* ViewModel */,
				90213C1928656A2D006435B9 /* Coordinator */,
				90213C1B28656A2D006435B9 /* Model */,
				90213C2028656A2D006435B9 /* View */,
			);
			path = Home;
			sourceTree = "<group>";
		};
		90213C1728656A2D006435B9 /* ViewModel */ = {
			isa = PBXGroup;
			children = (
				90213C5128656CAC006435B9 /* HomeViewModel.swift */,
			);
			path = ViewModel;
			sourceTree = "<group>";
		};
		90213C1928656A2D006435B9 /* Coordinator */ = {
			isa = PBXGroup;
			children = (
				90213C1A28656A2D006435B9 /* HomeCoordinator.swift */,
			);
			path = Coordinator;
			sourceTree = "<group>";
		};
		90213C1B28656A2D006435B9 /* Model */ = {
			isa = PBXGroup;
			children = (
				90213C1C28656A2D006435B9 /* Movie.swift */,
				90213C1D28656A2D006435B9 /* SectionItem.swift */,
				90213C1F28656A2D006435B9 /* HomeLayoutSection.swift */,
			);
			path = Model;
			sourceTree = "<group>";
		};
		90213C2028656A2D006435B9 /* View */ = {
			isa = PBXGroup;
			children = (
				90213C2128656A2D006435B9 /* Cells */,
				90213C2628656A2D006435B9 /* ReusableView */,
				90213C2B28656A2D006435B9 /* HomeViewController.swift */,
				9093A8E82865DA97000703A8 /* HomeViewController+UICollectionViewDelegate.swift */,
			);
			path = View;
			sourceTree = "<group>";
		};
		90213C2128656A2D006435B9 /* Cells */ = {
			isa = PBXGroup;
			children = (
				90213C4A28656C2A006435B9 /* MovieCollectionViewCell.swift */,
				90213C4B28656C2A006435B9 /* MovieCollectionViewCell.xib */,
				90213C2228656A2D006435B9 /* TopMoviesCollectionViewCell.xib */,
				90213C2528656A2D006435B9 /* TopMoviesCollectionViewCell.swift */,
			);
			path = Cells;
			sourceTree = "<group>";
		};
		90213C2628656A2D006435B9 /* ReusableView */ = {
			isa = PBXGroup;
			children = (
				90213C2728656A2D006435B9 /* SeparatorCollectionReusableView.swift */,
				90213C2828656A2D006435B9 /* SectionHeaderTextReusableView.swift */,
				90213C2928656A2D006435B9 /* SectionHeaderTextReusableView.xib */,
			);
			path = ReusableView;
			sourceTree = "<group>";
		};
		90213C2C28656A2D006435B9 /* Services */ = {
			isa = PBXGroup;
			children = (
				90213C2D28656A2D006435B9 /* MoviesService.swift */,
				90213C5328656FE7006435B9 /* GenresService.swift */,
			);
			path = Services;
			sourceTree = "<group>";
		};
		90213C2E28656A2D006435B9 /* Core */ = {
			isa = PBXGroup;
			children = (
				90213C2F28656A2D006435B9 /* AppCoordinator.swift */,
				90213C3028656A2D006435B9 /* Network.swift */,
				90213C3128656A2D006435B9 /* Bindable.swift */,
				90213C3228656A2D006435B9 /* AppDelegate.swift */,
				90213C1E28656A2D006435B9 /* Section.swift */,
				90985AF12868F3DE00824D9B /* CacheableImageView.swift */,
				90985AF628694F2200824D9B /* NibLoadable.swift */,
			);
			path = Core;
			sourceTree = "<group>";
		};
		90213C3328656A2E006435B9 /* Extensions */ = {
			isa = PBXGroup;
			children = (
				90213C5728657123006435B9 /* UICollectionViewListCell+Setup.swift */,
				90213C3428656A2E006435B9 /* UIImageView+Load.swift */,
				90985AEF2868C9DC00824D9B /* UIViewController+Modal.swift */,
			);
			path = Extensions;
			sourceTree = "<group>";
		};
		90911F4B2865E34E003C573E /* MoviesByGenre */ = {
			isa = PBXGroup;
			children = (
				90911F652865F54C003C573E /* Model */,
				90911F5E2865E953003C573E /* ViewModel */,
				90911F4F2865E38A003C573E /* View */,
				90911F4C2865E35A003C573E /* Coordinator */,
			);
			path = MoviesByGenre;
			sourceTree = "<group>";
		};
		90911F4C2865E35A003C573E /* Coordinator */ = {
			isa = PBXGroup;
			children = (
				90911F4D2865E36E003C573E /* MoviesByGenreCoordinator.swift */,
			);
			path = Coordinator;
			sourceTree = "<group>";
		};
		90911F4F2865E38A003C573E /* View */ = {
			isa = PBXGroup;
			children = (
				90911F552865E49A003C573E /* MoviesByGenreViewController.swift */,
				90985AED2868A6D500824D9B /* MoviesByGenreViewController+UICollectionViewDelegate.swift */,
			);
			path = View;
			sourceTree = "<group>";
		};
		90911F5E2865E953003C573E /* ViewModel */ = {
			isa = PBXGroup;
			children = (
				90911F5F2865E969003C573E /* MoviesByGenreViewModel.swift */,
			);
			path = ViewModel;
			sourceTree = "<group>";
		};
		90911F652865F54C003C573E /* Model */ = {
			isa = PBXGroup;
			children = (
				90911F682865FE57003C573E /* MoviesByGenreLayoutSection.swift */,
			);
			path = Model;
			sourceTree = "<group>";
		};
		90911F6C28666E41003C573E /* Movies */ = {
			isa = PBXGroup;
			children = (
				90911F7528668883003C573E /* ViewModel */,
				90911F7028666EE0003C573E /* View */,
				90911F6D28666E50003C573E /* Coordinator */,
			);
			path = Movies;
			sourceTree = "<group>";
		};
		90911F6D28666E50003C573E /* Coordinator */ = {
			isa = PBXGroup;
			children = (
				90911F6E28666E5F003C573E /* MoviesCoordinator.swift */,
			);
			path = Coordinator;
			sourceTree = "<group>";
		};
		90911F7028666EE0003C573E /* View */ = {
			isa = PBXGroup;
			children = (
				90985AF32868F7D700824D9B /* Cells */,
				90911F7128666F02003C573E /* MoviesViewController.swift */,
				90985AE9286848E500824D9B /* MoviesViewController+UICollectionViewDelegate.swift */,
				90985AF428690BE700824D9B /* MoviesViewController+UISearchBarDelegate.swift */,
			);
			path = View;
			sourceTree = "<group>";
		};
		90911F7528668883003C573E /* ViewModel */ = {
			isa = PBXGroup;
			children = (
				90911F76286688A2003C573E /* MoviesViewModel.swift */,
			);
			path = ViewModel;
			sourceTree = "<group>";
		};
		90911F782866BDD6003C573E /* MovieDetails */ = {
			isa = PBXGroup;
			children = (
				90911F792866BDD6003C573E /* ViewModel */,
				90911F7B2866BDD6003C573E /* Coordinator */,
				90911F7D2866BDD6003C573E /* Model */,
				90911F7F2866BDD6003C573E /* View */,
			);
			path = MovieDetails;
			sourceTree = "<group>";
		};
		90911F792866BDD6003C573E /* ViewModel */ = {
			isa = PBXGroup;
			children = (
				90911F7A2866BDD6003C573E /* MovieDetailsViewModel.swift */,
			);
			path = ViewModel;
			sourceTree = "<group>";
		};
		90911F7B2866BDD6003C573E /* Coordinator */ = {
			isa = PBXGroup;
			children = (
				90911F7C2866BDD6003C573E /* MovieDetailsCoordinator.swift */,
			);
			path = Coordinator;
			sourceTree = "<group>";
		};
		90911F7D2866BDD6003C573E /* Model */ = {
			isa = PBXGroup;
			children = (
				90985AD72867847B00824D9B /* MovieDetailsLayoutSection.swift */,
				90985AD92867858000824D9B /* MoviesDetailsSectionItem.swift */,
				90985ADB2867881F00824D9B /* MovieDetailsSection.swift */,
			);
			path = Model;
			sourceTree = "<group>";
		};
		90911F7F2866BDD6003C573E /* View */ = {
			isa = PBXGroup;
			children = (
				90985ADD286788C400824D9B /* Cells */,
				90911F812866BDD6003C573E /* MovieDetailsViewController.swift */,
			);
			path = View;
			sourceTree = "<group>";
		};
		90985ADD286788C400824D9B /* Cells */ = {
			isa = PBXGroup;
			children = (
				90985AE228679D1700824D9B /* MovieDetailsCollectionViewCell.swift */,
				90985AE52867A13500824D9B /* MovieDetailsCollectionViewCell.xib */,
				90985ADE286788F800824D9B /* CastCollectionViewCell.swift */,
				90985ADF286788F800824D9B /* CastCollectionViewCell.xib */,
			);
			path = Cells;
			sourceTree = "<group>";
		};
		90985AF32868F7D700824D9B /* Cells */ = {
			isa = PBXGroup;
			children = (
				90911F612865F2E7003C573E /* MoviesCollectionViewCell.swift */,
				90911F622865F2E7003C573E /* MoviesCollectionViewCell.xib */,
			);
			path = Cells;
			sourceTree = "<group>";
		};
/* End PBXGroup section */

/* Begin PBXNativeTarget section */
		3289DFEA275AF2170058C710 /* Movie Challenge */ = {
			isa = PBXNativeTarget;
			buildConfigurationList = 3289DFFF275AF2190058C710 /* Build configuration list for PBXNativeTarget "Movie Challenge" */;
			buildPhases = (
				3289DFE7275AF2170058C710 /* Sources */,
				3289DFE8275AF2170058C710 /* Frameworks */,
				3289DFE9275AF2170058C710 /* Resources */,
				3284FFDF275B1E7F0039F3EB /* Apollo Codegen */,
			);
			buildRules = (
			);
			dependencies = (
			);
			name = "Movie Challenge";
			packageProductDependencies = (
				3289E003275AF2BA0058C710 /* Apollo */,
				3289E005275AF2BA0058C710 /* ApolloSQLite */,
			);
			productName = "UIKit Base";
			productReference = 3289DFEB275AF2170058C710 /* Movie Challenge.app */;
			productType = "com.apple.product-type.application";
		};
/* End PBXNativeTarget section */

/* Begin PBXProject section */
		3289DFE3275AF2170058C710 /* Project object */ = {
			isa = PBXProject;
			attributes = {
				BuildIndependentTargetsInParallel = 1;
				LastSwiftUpdateCheck = 1310;
				LastUpgradeCheck = 1310;
				TargetAttributes = {
					3289DFEA275AF2170058C710 = {
						CreatedOnToolsVersion = 13.1;
					};
				};
			};
			buildConfigurationList = 3289DFE6275AF2170058C710 /* Build configuration list for PBXProject "Movie Challenge" */;
			compatibilityVersion = "Xcode 13.0";
			developmentRegion = en;
			hasScannedForEncodings = 0;
			knownRegions = (
				en,
				Base,
			);
			mainGroup = 3289DFE2275AF2170058C710;
			packageReferences = (
				3289E002275AF2BA0058C710 /* XCRemoteSwiftPackageReference "apollo-ios" */,
			);
			productRefGroup = 3289DFEC275AF2170058C710 /* Products */;
			projectDirPath = "";
			projectRoot = "";
			targets = (
				3289DFEA275AF2170058C710 /* Movie Challenge */,
			);
		};
/* End PBXProject section */

/* Begin PBXResourcesBuildPhase section */
		3289DFE9275AF2170058C710 /* Resources */ = {
			isa = PBXResourcesBuildPhase;
			buildActionMask = 2147483647;
			files = (
				90911F642865F2E7003C573E /* MoviesCollectionViewCell.xib in Resources */,
				90213C4128656A2E006435B9 /* SectionHeaderTextReusableView.xib in Resources */,
				90985AE1286788F800824D9B /* CastCollectionViewCell.xib in Resources */,
				3289DFFB275AF2190058C710 /* LaunchScreen.storyboard in Resources */,
				90213C3B28656A2E006435B9 /* TopMoviesCollectionViewCell.xib in Resources */,
				3289DFF8275AF2190058C710 /* Assets.xcassets in Resources */,
				90985AE62867A13500824D9B /* MovieDetailsCollectionViewCell.xib in Resources */,
				3284FFDE275B14130039F3EB /* Movies.graphql in Resources */,
				90213C4D28656C2A006435B9 /* MovieCollectionViewCell.xib in Resources */,
				90213C5628657010006435B9 /* Genres.graphql in Resources */,
			);
			runOnlyForDeploymentPostprocessing = 0;
		};
/* End PBXResourcesBuildPhase section */

/* Begin PBXShellScriptBuildPhase section */
		3284FFDF275B1E7F0039F3EB /* Apollo Codegen */ = {
			isa = PBXShellScriptBuildPhase;
			buildActionMask = 2147483647;
			files = (
			);
			inputFileListPaths = (
			);
			inputPaths = (
			);
			name = "Apollo Codegen";
			outputFileListPaths = (
			);
			outputPaths = (
			);
			runOnlyForDeploymentPostprocessing = 0;
			shellPath = /bin/sh;
			shellScript = "# Don't run this during index builds\nif [ $ACTION = \"indexbuild\" ]; then exit 0; fi\n\ncd ../../ApolloCodegen\nxcrun -sdk macosx swift run ApolloCodegen generate\n";
		};
/* End PBXShellScriptBuildPhase section */

/* Begin PBXSourcesBuildPhase section */
		3289DFE7275AF2170058C710 /* Sources */ = {
			isa = PBXSourcesBuildPhase;
			buildActionMask = 2147483647;
			files = (
				90985AE428679D1800824D9B /* MovieDetailsCollectionViewCell.swift in Sources */,
				90213C5228656CAC006435B9 /* HomeViewModel.swift in Sources */,
				90911F692865FE57003C573E /* MoviesByGenreLayoutSection.swift in Sources */,
				90985AF02868C9DD00824D9B /* UIViewController+Modal.swift in Sources */,
				3284FFD6275B0CEA0039F3EB /* Movies.graphql.swift in Sources */,
				90985AF728694F2200824D9B /* NibLoadable.swift in Sources */,
				90985AD82867847B00824D9B /* MovieDetailsLayoutSection.swift in Sources */,
				90213C3E28656A2E006435B9 /* TopMoviesCollectionViewCell.swift in Sources */,
				90911F822866BDD6003C573E /* MovieDetailsViewModel.swift in Sources */,
				9093A8E92865DA97000703A8 /* HomeViewController+UICollectionViewDelegate.swift in Sources */,
				90213C3A28656A2E006435B9 /* HomeLayoutSection.swift in Sources */,
				90911F7328666F02003C573E /* MoviesViewController.swift in Sources */,
				90911F602865E969003C573E /* MoviesByGenreViewModel.swift in Sources */,
				90985AF22868F3DF00824D9B /* CacheableImageView.swift in Sources */,
				90213C5828657123006435B9 /* UICollectionViewListCell+Setup.swift in Sources */,
				90213C3728656A2E006435B9 /* Movie.swift in Sources */,
				90985ADA2867858000824D9B /* MoviesDetailsSectionItem.swift in Sources */,
				90985AEA286848E500824D9B /* MoviesViewController+UICollectionViewDelegate.swift in Sources */,
				90213C4628656A2E006435B9 /* Network.swift in Sources */,
				90213C4928656A2E006435B9 /* UIImageView+Load.swift in Sources */,
				90985AE0286788F800824D9B /* CastCollectionViewCell.swift in Sources */,
				90213C3928656A2E006435B9 /* Section.swift in Sources */,
				90213C4528656A2E006435B9 /* AppCoordinator.swift in Sources */,
				90911F77286688A2003C573E /* MoviesViewModel.swift in Sources */,
				90213C3828656A2E006435B9 /* SectionItem.swift in Sources */,
				90213C5A286573B0006435B9 /* Genres.graphql.swift in Sources */,
				90911F862866BDD6003C573E /* MovieDetailsViewController.swift in Sources */,
				90213C5428656FE7006435B9 /* GenresService.swift in Sources */,
				90911F832866BDD6003C573E /* MovieDetailsCoordinator.swift in Sources */,
				90213C3628656A2E006435B9 /* HomeCoordinator.swift in Sources */,
				90911F572865E49A003C573E /* MoviesByGenreViewController.swift in Sources */,
				90213C4728656A2E006435B9 /* Bindable.swift in Sources */,
				90985ADC2867881F00824D9B /* MovieDetailsSection.swift in Sources */,
				90213C4428656A2E006435B9 /* MoviesService.swift in Sources */,
				90985AEE2868A6D500824D9B /* MoviesByGenreViewController+UICollectionViewDelegate.swift in Sources */,
				90213C4028656A2E006435B9 /* SectionHeaderTextReusableView.swift in Sources */,
				90213C3F28656A2E006435B9 /* SeparatorCollectionReusableView.swift in Sources */,
				90911F6F28666E5F003C573E /* MoviesCoordinator.swift in Sources */,
				90911F632865F2E7003C573E /* MoviesCollectionViewCell.swift in Sources */,
				90911F4E2865E36E003C573E /* MoviesByGenreCoordinator.swift in Sources */,
				90213C4C28656C2A006435B9 /* MovieCollectionViewCell.swift in Sources */,
				90213C4828656A2E006435B9 /* AppDelegate.swift in Sources */,
				90985AF528690BE700824D9B /* MoviesViewController+UISearchBarDelegate.swift in Sources */,
				90213C4328656A2E006435B9 /* HomeViewController.swift in Sources */,
			);
			runOnlyForDeploymentPostprocessing = 0;
		};
/* End PBXSourcesBuildPhase section */

/* Begin PBXVariantGroup section */
		3289DFF9275AF2190058C710 /* LaunchScreen.storyboard */ = {
			isa = PBXVariantGroup;
			children = (
				3289DFFA275AF2190058C710 /* Base */,
			);
			name = LaunchScreen.storyboard;
			sourceTree = "<group>";
		};
/* End PBXVariantGroup section */

/* Begin XCBuildConfiguration section */
		3289DFFD275AF2190058C710 /* Debug */ = {
			isa = XCBuildConfiguration;
			buildSettings = {
				ALWAYS_SEARCH_USER_PATHS = NO;
				CLANG_ANALYZER_NONNULL = YES;
				CLANG_ANALYZER_NUMBER_OBJECT_CONVERSION = YES_AGGRESSIVE;
				CLANG_CXX_LANGUAGE_STANDARD = "gnu++17";
				CLANG_CXX_LIBRARY = "libc++";
				CLANG_ENABLE_MODULES = YES;
				CLANG_ENABLE_OBJC_ARC = YES;
				CLANG_ENABLE_OBJC_WEAK = YES;
				CLANG_WARN_BLOCK_CAPTURE_AUTORELEASING = YES;
				CLANG_WARN_BOOL_CONVERSION = YES;
				CLANG_WARN_COMMA = YES;
				CLANG_WARN_CONSTANT_CONVERSION = YES;
				CLANG_WARN_DEPRECATED_OBJC_IMPLEMENTATIONS = YES;
				CLANG_WARN_DIRECT_OBJC_ISA_USAGE = YES_ERROR;
				CLANG_WARN_DOCUMENTATION_COMMENTS = YES;
				CLANG_WARN_EMPTY_BODY = YES;
				CLANG_WARN_ENUM_CONVERSION = YES;
				CLANG_WARN_INFINITE_RECURSION = YES;
				CLANG_WARN_INT_CONVERSION = YES;
				CLANG_WARN_NON_LITERAL_NULL_CONVERSION = YES;
				CLANG_WARN_OBJC_IMPLICIT_RETAIN_SELF = YES;
				CLANG_WARN_OBJC_LITERAL_CONVERSION = YES;
				CLANG_WARN_OBJC_ROOT_CLASS = YES_ERROR;
				CLANG_WARN_QUOTED_INCLUDE_IN_FRAMEWORK_HEADER = YES;
				CLANG_WARN_RANGE_LOOP_ANALYSIS = YES;
				CLANG_WARN_STRICT_PROTOTYPES = YES;
				CLANG_WARN_SUSPICIOUS_MOVE = YES;
				CLANG_WARN_UNGUARDED_AVAILABILITY = YES_AGGRESSIVE;
				CLANG_WARN_UNREACHABLE_CODE = YES;
				CLANG_WARN__DUPLICATE_METHOD_MATCH = YES;
				COPY_PHASE_STRIP = NO;
				DEBUG_INFORMATION_FORMAT = dwarf;
				ENABLE_STRICT_OBJC_MSGSEND = YES;
				ENABLE_TESTABILITY = YES;
				GCC_C_LANGUAGE_STANDARD = gnu11;
				GCC_DYNAMIC_NO_PIC = NO;
				GCC_NO_COMMON_BLOCKS = YES;
				GCC_OPTIMIZATION_LEVEL = 0;
				GCC_PREPROCESSOR_DEFINITIONS = (
					"DEBUG=1",
					"$(inherited)",
				);
				GCC_WARN_64_TO_32_BIT_CONVERSION = YES;
				GCC_WARN_ABOUT_RETURN_TYPE = YES_ERROR;
				GCC_WARN_UNDECLARED_SELECTOR = YES;
				GCC_WARN_UNINITIALIZED_AUTOS = YES_AGGRESSIVE;
				GCC_WARN_UNUSED_FUNCTION = YES;
				GCC_WARN_UNUSED_VARIABLE = YES;
				IPHONEOS_DEPLOYMENT_TARGET = 15.0;
				MTL_ENABLE_DEBUG_INFO = INCLUDE_SOURCE;
				MTL_FAST_MATH = YES;
				ONLY_ACTIVE_ARCH = YES;
				SDKROOT = iphoneos;
				SWIFT_ACTIVE_COMPILATION_CONDITIONS = DEBUG;
				SWIFT_OPTIMIZATION_LEVEL = "-Onone";
			};
			name = Debug;
		};
		3289DFFE275AF2190058C710 /* Release */ = {
			isa = XCBuildConfiguration;
			buildSettings = {
				ALWAYS_SEARCH_USER_PATHS = NO;
				CLANG_ANALYZER_NONNULL = YES;
				CLANG_ANALYZER_NUMBER_OBJECT_CONVERSION = YES_AGGRESSIVE;
				CLANG_CXX_LANGUAGE_STANDARD = "gnu++17";
				CLANG_CXX_LIBRARY = "libc++";
				CLANG_ENABLE_MODULES = YES;
				CLANG_ENABLE_OBJC_ARC = YES;
				CLANG_ENABLE_OBJC_WEAK = YES;
				CLANG_WARN_BLOCK_CAPTURE_AUTORELEASING = YES;
				CLANG_WARN_BOOL_CONVERSION = YES;
				CLANG_WARN_COMMA = YES;
				CLANG_WARN_CONSTANT_CONVERSION = YES;
				CLANG_WARN_DEPRECATED_OBJC_IMPLEMENTATIONS = YES;
				CLANG_WARN_DIRECT_OBJC_ISA_USAGE = YES_ERROR;
				CLANG_WARN_DOCUMENTATION_COMMENTS = YES;
				CLANG_WARN_EMPTY_BODY = YES;
				CLANG_WARN_ENUM_CONVERSION = YES;
				CLANG_WARN_INFINITE_RECURSION = YES;
				CLANG_WARN_INT_CONVERSION = YES;
				CLANG_WARN_NON_LITERAL_NULL_CONVERSION = YES;
				CLANG_WARN_OBJC_IMPLICIT_RETAIN_SELF = YES;
				CLANG_WARN_OBJC_LITERAL_CONVERSION = YES;
				CLANG_WARN_OBJC_ROOT_CLASS = YES_ERROR;
				CLANG_WARN_QUOTED_INCLUDE_IN_FRAMEWORK_HEADER = YES;
				CLANG_WARN_RANGE_LOOP_ANALYSIS = YES;
				CLANG_WARN_STRICT_PROTOTYPES = YES;
				CLANG_WARN_SUSPICIOUS_MOVE = YES;
				CLANG_WARN_UNGUARDED_AVAILABILITY = YES_AGGRESSIVE;
				CLANG_WARN_UNREACHABLE_CODE = YES;
				CLANG_WARN__DUPLICATE_METHOD_MATCH = YES;
				COPY_PHASE_STRIP = NO;
				DEBUG_INFORMATION_FORMAT = "dwarf-with-dsym";
				ENABLE_NS_ASSERTIONS = NO;
				ENABLE_STRICT_OBJC_MSGSEND = YES;
				GCC_C_LANGUAGE_STANDARD = gnu11;
				GCC_NO_COMMON_BLOCKS = YES;
				GCC_WARN_64_TO_32_BIT_CONVERSION = YES;
				GCC_WARN_ABOUT_RETURN_TYPE = YES_ERROR;
				GCC_WARN_UNDECLARED_SELECTOR = YES;
				GCC_WARN_UNINITIALIZED_AUTOS = YES_AGGRESSIVE;
				GCC_WARN_UNUSED_FUNCTION = YES;
				GCC_WARN_UNUSED_VARIABLE = YES;
				IPHONEOS_DEPLOYMENT_TARGET = 15.0;
				MTL_ENABLE_DEBUG_INFO = NO;
				MTL_FAST_MATH = YES;
				SDKROOT = iphoneos;
				SWIFT_COMPILATION_MODE = wholemodule;
				SWIFT_OPTIMIZATION_LEVEL = "-O";
				VALIDATE_PRODUCT = YES;
			};
			name = Release;
		};
		3289E000275AF2190058C710 /* Debug */ = {
			isa = XCBuildConfiguration;
			buildSettings = {
				ASSETCATALOG_COMPILER_APPICON_NAME = AppIcon;
				ASSETCATALOG_COMPILER_GLOBAL_ACCENT_COLOR_NAME = AccentColor;
				CODE_SIGN_STYLE = Automatic;
				CURRENT_PROJECT_VERSION = 1;
				DEVELOPMENT_TEAM = 59Q2VRCG46;
				GENERATE_INFOPLIST_FILE = YES;
				INFOPLIST_FILE = "Movie Challenge/Info.plist";
				INFOPLIST_KEY_UIApplicationSupportsIndirectInputEvents = YES;
				INFOPLIST_KEY_UILaunchStoryboardName = LaunchScreen;
				INFOPLIST_KEY_UISupportedInterfaceOrientations = UIInterfaceOrientationPortrait;
				INFOPLIST_KEY_UISupportedInterfaceOrientations_iPad = "UIInterfaceOrientationPortrait UIInterfaceOrientationPortraitUpsideDown UIInterfaceOrientationLandscapeLeft UIInterfaceOrientationLandscapeRight";
				INFOPLIST_KEY_UISupportedInterfaceOrientations_iPhone = "UIInterfaceOrientationPortrait UIInterfaceOrientationLandscapeLeft UIInterfaceOrientationLandscapeRight";
				LD_RUNPATH_SEARCH_PATHS = (
					"$(inherited)",
					"@executable_path/Frameworks",
				);
				MARKETING_VERSION = 1.0;
				PRODUCT_BUNDLE_IDENTIFIER = "com.podium.UIKit-Base";
				PRODUCT_NAME = "$(TARGET_NAME)";
				SWIFT_EMIT_LOC_STRINGS = YES;
				SWIFT_VERSION = 5.0;
				TARGETED_DEVICE_FAMILY = "1,2";
			};
			name = Debug;
		};
		3289E001275AF2190058C710 /* Release */ = {
			isa = XCBuildConfiguration;
			buildSettings = {
				ASSETCATALOG_COMPILER_APPICON_NAME = AppIcon;
				ASSETCATALOG_COMPILER_GLOBAL_ACCENT_COLOR_NAME = AccentColor;
				CODE_SIGN_STYLE = Automatic;
				CURRENT_PROJECT_VERSION = 1;
				DEVELOPMENT_TEAM = 59Q2VRCG46;
				GENERATE_INFOPLIST_FILE = YES;
				INFOPLIST_FILE = "Movie Challenge/Info.plist";
				INFOPLIST_KEY_UIApplicationSupportsIndirectInputEvents = YES;
				INFOPLIST_KEY_UILaunchStoryboardName = LaunchScreen;
				INFOPLIST_KEY_UISupportedInterfaceOrientations = UIInterfaceOrientationPortrait;
				INFOPLIST_KEY_UISupportedInterfaceOrientations_iPad = "UIInterfaceOrientationPortrait UIInterfaceOrientationPortraitUpsideDown UIInterfaceOrientationLandscapeLeft UIInterfaceOrientationLandscapeRight";
				INFOPLIST_KEY_UISupportedInterfaceOrientations_iPhone = "UIInterfaceOrientationPortrait UIInterfaceOrientationLandscapeLeft UIInterfaceOrientationLandscapeRight";
				LD_RUNPATH_SEARCH_PATHS = (
					"$(inherited)",
					"@executable_path/Frameworks",
				);
				MARKETING_VERSION = 1.0;
				PRODUCT_BUNDLE_IDENTIFIER = "com.podium.UIKit-Base";
				PRODUCT_NAME = "$(TARGET_NAME)";
				SWIFT_EMIT_LOC_STRINGS = YES;
				SWIFT_VERSION = 5.0;
				TARGETED_DEVICE_FAMILY = "1,2";
			};
			name = Release;
		};
/* End XCBuildConfiguration section */

/* Begin XCConfigurationList section */
		3289DFE6275AF2170058C710 /* Build configuration list for PBXProject "Movie Challenge" */ = {
			isa = XCConfigurationList;
			buildConfigurations = (
				3289DFFD275AF2190058C710 /* Debug */,
				3289DFFE275AF2190058C710 /* Release */,
			);
			defaultConfigurationIsVisible = 0;
			defaultConfigurationName = Release;
		};
		3289DFFF275AF2190058C710 /* Build configuration list for PBXNativeTarget "Movie Challenge" */ = {
			isa = XCConfigurationList;
			buildConfigurations = (
				3289E000275AF2190058C710 /* Debug */,
				3289E001275AF2190058C710 /* Release */,
			);
			defaultConfigurationIsVisible = 0;
			defaultConfigurationName = Release;
		};
/* End XCConfigurationList section */

/* Begin XCRemoteSwiftPackageReference section */
		3289E002275AF2BA0058C710 /* XCRemoteSwiftPackageReference "apollo-ios" */ = {
			isa = XCRemoteSwiftPackageReference;
			repositoryURL = "https://github.com/apollographql/apollo-ios";
			requirement = {
				kind = exactVersion;
				version = 0.51.2;
			};
		};
/* End XCRemoteSwiftPackageReference section */

/* Begin XCSwiftPackageProductDependency section */
		3289E003275AF2BA0058C710 /* Apollo */ = {
			isa = XCSwiftPackageProductDependency;
			package = 3289E002275AF2BA0058C710 /* XCRemoteSwiftPackageReference "apollo-ios" */;
			productName = Apollo;
		};
		3289E005275AF2BA0058C710 /* ApolloSQLite */ = {
			isa = XCSwiftPackageProductDependency;
			package = 3289E002275AF2BA0058C710 /* XCRemoteSwiftPackageReference "apollo-ios" */;
			productName = ApolloSQLite;
		};
/* End XCSwiftPackageProductDependency section */
	};
	rootObject = 3289DFE3275AF2170058C710 /* Project object */;
}
